// !$*UTF8*$!
{
	archiveVersion = 1;
	classes = {
	};
	objectVersion = 46;
	objects = {

/* Begin PBXBuildFile section */
		C9975F5B1F38582300B6551B /* ZipCode4s.h in Headers */ = {isa = PBXBuildFile; fileRef = C9975F591F38582300B6551B /* ZipCode4s.h */; settings = {ATTRIBUTES = (Public, ); }; };
		C9CF30FB1F38D8550069667E /* ZipCode.swift in Sources */ = {isa = PBXBuildFile; fileRef = C9CF30CA1F38D8550069667E /* ZipCode.swift */; };
		C9CF30FC1F38D8550069667E /* 1.csv in Resources */ = {isa = PBXBuildFile; fileRef = C9CF30CC1F38D8550069667E /* 1.csv */; };
		C9CF30FD1F38D8550069667E /* 10.csv in Resources */ = {isa = PBXBuildFile; fileRef = C9CF30CD1F38D8550069667E /* 10.csv */; };
		C9CF30FE1F38D8550069667E /* 11.csv in Resources */ = {isa = PBXBuildFile; fileRef = C9CF30CE1F38D8550069667E /* 11.csv */; };
		C9CF30FF1F38D8550069667E /* 12.csv in Resources */ = {isa = PBXBuildFile; fileRef = C9CF30CF1F38D8550069667E /* 12.csv */; };
		C9CF31001F38D8550069667E /* 13.csv in Resources */ = {isa = PBXBuildFile; fileRef = C9CF30D01F38D8550069667E /* 13.csv */; };
		C9CF31011F38D8550069667E /* 14.csv in Resources */ = {isa = PBXBuildFile; fileRef = C9CF30D11F38D8550069667E /* 14.csv */; };
		C9CF31021F38D8550069667E /* 15.csv in Resources */ = {isa = PBXBuildFile; fileRef = C9CF30D21F38D8550069667E /* 15.csv */; };
		C9CF31031F38D8550069667E /* 16.csv in Resources */ = {isa = PBXBuildFile; fileRef = C9CF30D31F38D8550069667E /* 16.csv */; };
		C9CF31041F38D8550069667E /* 17.csv in Resources */ = {isa = PBXBuildFile; fileRef = C9CF30D41F38D8550069667E /* 17.csv */; };
		C9CF31051F38D8550069667E /* 18.csv in Resources */ = {isa = PBXBuildFile; fileRef = C9CF30D51F38D8550069667E /* 18.csv */; };
		C9CF31061F38D8550069667E /* 19.csv in Resources */ = {isa = PBXBuildFile; fileRef = C9CF30D61F38D8550069667E /* 19.csv */; };
		C9CF31071F38D8550069667E /* 2.csv in Resources */ = {isa = PBXBuildFile; fileRef = C9CF30D71F38D8550069667E /* 2.csv */; };
		C9CF31081F38D8550069667E /* 20.csv in Resources */ = {isa = PBXBuildFile; fileRef = C9CF30D81F38D8550069667E /* 20.csv */; };
		C9CF31091F38D8550069667E /* 21.csv in Resources */ = {isa = PBXBuildFile; fileRef = C9CF30D91F38D8550069667E /* 21.csv */; };
		C9CF310A1F38D8550069667E /* 22.csv in Resources */ = {isa = PBXBuildFile; fileRef = C9CF30DA1F38D8550069667E /* 22.csv */; };
		C9CF310B1F38D8550069667E /* 23.csv in Resources */ = {isa = PBXBuildFile; fileRef = C9CF30DB1F38D8550069667E /* 23.csv */; };
		C9CF310C1F38D8550069667E /* 24.csv in Resources */ = {isa = PBXBuildFile; fileRef = C9CF30DC1F38D8550069667E /* 24.csv */; };
		C9CF310D1F38D8550069667E /* 25.csv in Resources */ = {isa = PBXBuildFile; fileRef = C9CF30DD1F38D8550069667E /* 25.csv */; };
		C9CF310E1F38D8550069667E /* 26.csv in Resources */ = {isa = PBXBuildFile; fileRef = C9CF30DE1F38D8550069667E /* 26.csv */; };
		C9CF310F1F38D8550069667E /* 27.csv in Resources */ = {isa = PBXBuildFile; fileRef = C9CF30DF1F38D8550069667E /* 27.csv */; };
		C9CF31101F38D8550069667E /* 28.csv in Resources */ = {isa = PBXBuildFile; fileRef = C9CF30E01F38D8550069667E /* 28.csv */; };
		C9CF31111F38D8550069667E /* 29.csv in Resources */ = {isa = PBXBuildFile; fileRef = C9CF30E11F38D8550069667E /* 29.csv */; };
		C9CF31121F38D8550069667E /* 3.csv in Resources */ = {isa = PBXBuildFile; fileRef = C9CF30E21F38D8550069667E /* 3.csv */; };
		C9CF31131F38D8550069667E /* 30.csv in Resources */ = {isa = PBXBuildFile; fileRef = C9CF30E31F38D8550069667E /* 30.csv */; };
		C9CF31141F38D8550069667E /* 31.csv in Resources */ = {isa = PBXBuildFile; fileRef = C9CF30E41F38D8550069667E /* 31.csv */; };
		C9CF31151F38D8550069667E /* 32.csv in Resources */ = {isa = PBXBuildFile; fileRef = C9CF30E51F38D8550069667E /* 32.csv */; };
		C9CF31161F38D8550069667E /* 33.csv in Resources */ = {isa = PBXBuildFile; fileRef = C9CF30E61F38D8550069667E /* 33.csv */; };
		C9CF31171F38D8550069667E /* 34.csv in Resources */ = {isa = PBXBuildFile; fileRef = C9CF30E71F38D8550069667E /* 34.csv */; };
		C9CF31181F38D8550069667E /* 35.csv in Resources */ = {isa = PBXBuildFile; fileRef = C9CF30E81F38D8550069667E /* 35.csv */; };
		C9CF31191F38D8550069667E /* 36.csv in Resources */ = {isa = PBXBuildFile; fileRef = C9CF30E91F38D8550069667E /* 36.csv */; };
		C9CF311A1F38D8550069667E /* 37.csv in Resources */ = {isa = PBXBuildFile; fileRef = C9CF30EA1F38D8550069667E /* 37.csv */; };
		C9CF311B1F38D8550069667E /* 38.csv in Resources */ = {isa = PBXBuildFile; fileRef = C9CF30EB1F38D8550069667E /* 38.csv */; };
		C9CF311C1F38D8550069667E /* 39.csv in Resources */ = {isa = PBXBuildFile; fileRef = C9CF30EC1F38D8550069667E /* 39.csv */; };
		C9CF311D1F38D8550069667E /* 4.csv in Resources */ = {isa = PBXBuildFile; fileRef = C9CF30ED1F38D8550069667E /* 4.csv */; };
		C9CF311E1F38D8550069667E /* 40.csv in Resources */ = {isa = PBXBuildFile; fileRef = C9CF30EE1F38D8550069667E /* 40.csv */; };
		C9CF311F1F38D8550069667E /* 41.csv in Resources */ = {isa = PBXBuildFile; fileRef = C9CF30EF1F38D8550069667E /* 41.csv */; };
		C9CF31201F38D8550069667E /* 42.csv in Resources */ = {isa = PBXBuildFile; fileRef = C9CF30F01F38D8550069667E /* 42.csv */; };
		C9CF31211F38D8550069667E /* 43.csv in Resources */ = {isa = PBXBuildFile; fileRef = C9CF30F11F38D8550069667E /* 43.csv */; };
		C9CF31221F38D8550069667E /* 44.csv in Resources */ = {isa = PBXBuildFile; fileRef = C9CF30F21F38D8550069667E /* 44.csv */; };
		C9CF31231F38D8550069667E /* 45.csv in Resources */ = {isa = PBXBuildFile; fileRef = C9CF30F31F38D8550069667E /* 45.csv */; };
		C9CF31241F38D8550069667E /* 46.csv in Resources */ = {isa = PBXBuildFile; fileRef = C9CF30F41F38D8550069667E /* 46.csv */; };
		C9CF31251F38D8550069667E /* 47.csv in Resources */ = {isa = PBXBuildFile; fileRef = C9CF30F51F38D8550069667E /* 47.csv */; };
		C9CF31261F38D8550069667E /* 5.csv in Resources */ = {isa = PBXBuildFile; fileRef = C9CF30F61F38D8550069667E /* 5.csv */; };
		C9CF31271F38D8550069667E /* 6.csv in Resources */ = {isa = PBXBuildFile; fileRef = C9CF30F71F38D8550069667E /* 6.csv */; };
		C9CF31281F38D8550069667E /* 7.csv in Resources */ = {isa = PBXBuildFile; fileRef = C9CF30F81F38D8550069667E /* 7.csv */; };
		C9CF31291F38D8550069667E /* 8.csv in Resources */ = {isa = PBXBuildFile; fileRef = C9CF30F91F38D8550069667E /* 8.csv */; };
		C9CF312A1F38D8550069667E /* 9.csv in Resources */ = {isa = PBXBuildFile; fileRef = C9CF30FA1F38D8550069667E /* 9.csv */; };
/* End PBXBuildFile section */

/* Begin PBXFileReference section */
		C9975F561F38582300B6551B /* ZipCode4s.framework */ = {isa = PBXFileReference; explicitFileType = wrapper.framework; includeInIndex = 0; path = ZipCode4s.framework; sourceTree = BUILT_PRODUCTS_DIR; };
		C9975F591F38582300B6551B /* ZipCode4s.h */ = {isa = PBXFileReference; lastKnownFileType = sourcecode.c.h; path = ZipCode4s.h; sourceTree = "<group>"; };
		C9975F5A1F38582300B6551B /* Info.plist */ = {isa = PBXFileReference; lastKnownFileType = text.plist.xml; path = Info.plist; sourceTree = "<group>"; };
		C9CF30CA1F38D8550069667E /* ZipCode.swift */ = {isa = PBXFileReference; fileEncoding = 4; lastKnownFileType = sourcecode.swift; path = ZipCode.swift; sourceTree = "<group>"; };
		C9CF30CC1F38D8550069667E /* 1.csv */ = {isa = PBXFileReference; fileEncoding = 4; lastKnownFileType = text; path = 1.csv; sourceTree = "<group>"; };
		C9CF30CD1F38D8550069667E /* 10.csv */ = {isa = PBXFileReference; fileEncoding = 4; lastKnownFileType = text; path = 10.csv; sourceTree = "<group>"; };
		C9CF30CE1F38D8550069667E /* 11.csv */ = {isa = PBXFileReference; fileEncoding = 4; lastKnownFileType = text; path = 11.csv; sourceTree = "<group>"; };
		C9CF30CF1F38D8550069667E /* 12.csv */ = {isa = PBXFileReference; fileEncoding = 4; lastKnownFileType = text; path = 12.csv; sourceTree = "<group>"; };
		C9CF30D01F38D8550069667E /* 13.csv */ = {isa = PBXFileReference; fileEncoding = 4; lastKnownFileType = text; path = 13.csv; sourceTree = "<group>"; };
		C9CF30D11F38D8550069667E /* 14.csv */ = {isa = PBXFileReference; fileEncoding = 4; lastKnownFileType = text; path = 14.csv; sourceTree = "<group>"; };
		C9CF30D21F38D8550069667E /* 15.csv */ = {isa = PBXFileReference; fileEncoding = 4; lastKnownFileType = text; path = 15.csv; sourceTree = "<group>"; };
		C9CF30D31F38D8550069667E /* 16.csv */ = {isa = PBXFileReference; fileEncoding = 4; lastKnownFileType = text; path = 16.csv; sourceTree = "<group>"; };
		C9CF30D41F38D8550069667E /* 17.csv */ = {isa = PBXFileReference; fileEncoding = 4; lastKnownFileType = text; path = 17.csv; sourceTree = "<group>"; };
		C9CF30D51F38D8550069667E /* 18.csv */ = {isa = PBXFileReference; fileEncoding = 4; lastKnownFileType = text; path = 18.csv; sourceTree = "<group>"; };
		C9CF30D61F38D8550069667E /* 19.csv */ = {isa = PBXFileReference; fileEncoding = 4; lastKnownFileType = text; path = 19.csv; sourceTree = "<group>"; };
		C9CF30D71F38D8550069667E /* 2.csv */ = {isa = PBXFileReference; fileEncoding = 4; lastKnownFileType = text; path = 2.csv; sourceTree = "<group>"; };
		C9CF30D81F38D8550069667E /* 20.csv */ = {isa = PBXFileReference; fileEncoding = 4; lastKnownFileType = text; path = 20.csv; sourceTree = "<group>"; };
		C9CF30D91F38D8550069667E /* 21.csv */ = {isa = PBXFileReference; fileEncoding = 4; lastKnownFileType = text; path = 21.csv; sourceTree = "<group>"; };
		C9CF30DA1F38D8550069667E /* 22.csv */ = {isa = PBXFileReference; fileEncoding = 4; lastKnownFileType = text; path = 22.csv; sourceTree = "<group>"; };
		C9CF30DB1F38D8550069667E /* 23.csv */ = {isa = PBXFileReference; fileEncoding = 4; lastKnownFileType = text; path = 23.csv; sourceTree = "<group>"; };
		C9CF30DC1F38D8550069667E /* 24.csv */ = {isa = PBXFileReference; fileEncoding = 4; lastKnownFileType = text; path = 24.csv; sourceTree = "<group>"; };
		C9CF30DD1F38D8550069667E /* 25.csv */ = {isa = PBXFileReference; fileEncoding = 4; lastKnownFileType = text; path = 25.csv; sourceTree = "<group>"; };
		C9CF30DE1F38D8550069667E /* 26.csv */ = {isa = PBXFileReference; fileEncoding = 4; lastKnownFileType = text; path = 26.csv; sourceTree = "<group>"; };
		C9CF30DF1F38D8550069667E /* 27.csv */ = {isa = PBXFileReference; fileEncoding = 4; lastKnownFileType = text; path = 27.csv; sourceTree = "<group>"; };
		C9CF30E01F38D8550069667E /* 28.csv */ = {isa = PBXFileReference; fileEncoding = 4; lastKnownFileType = text; path = 28.csv; sourceTree = "<group>"; };
		C9CF30E11F38D8550069667E /* 29.csv */ = {isa = PBXFileReference; fileEncoding = 4; lastKnownFileType = text; path = 29.csv; sourceTree = "<group>"; };
		C9CF30E21F38D8550069667E /* 3.csv */ = {isa = PBXFileReference; fileEncoding = 4; lastKnownFileType = text; path = 3.csv; sourceTree = "<group>"; };
		C9CF30E31F38D8550069667E /* 30.csv */ = {isa = PBXFileReference; fileEncoding = 4; lastKnownFileType = text; path = 30.csv; sourceTree = "<group>"; };
		C9CF30E41F38D8550069667E /* 31.csv */ = {isa = PBXFileReference; fileEncoding = 4; lastKnownFileType = text; path = 31.csv; sourceTree = "<group>"; };
		C9CF30E51F38D8550069667E /* 32.csv */ = {isa = PBXFileReference; fileEncoding = 4; lastKnownFileType = text; path = 32.csv; sourceTree = "<group>"; };
		C9CF30E61F38D8550069667E /* 33.csv */ = {isa = PBXFileReference; fileEncoding = 4; lastKnownFileType = text; path = 33.csv; sourceTree = "<group>"; };
		C9CF30E71F38D8550069667E /* 34.csv */ = {isa = PBXFileReference; fileEncoding = 4; lastKnownFileType = text; path = 34.csv; sourceTree = "<group>"; };
		C9CF30E81F38D8550069667E /* 35.csv */ = {isa = PBXFileReference; fileEncoding = 4; lastKnownFileType = text; path = 35.csv; sourceTree = "<group>"; };
		C9CF30E91F38D8550069667E /* 36.csv */ = {isa = PBXFileReference; fileEncoding = 4; lastKnownFileType = text; path = 36.csv; sourceTree = "<group>"; };
		C9CF30EA1F38D8550069667E /* 37.csv */ = {isa = PBXFileReference; fileEncoding = 4; lastKnownFileType = text; path = 37.csv; sourceTree = "<group>"; };
		C9CF30EB1F38D8550069667E /* 38.csv */ = {isa = PBXFileReference; fileEncoding = 4; lastKnownFileType = text; path = 38.csv; sourceTree = "<group>"; };
		C9CF30EC1F38D8550069667E /* 39.csv */ = {isa = PBXFileReference; fileEncoding = 4; lastKnownFileType = text; path = 39.csv; sourceTree = "<group>"; };
		C9CF30ED1F38D8550069667E /* 4.csv */ = {isa = PBXFileReference; fileEncoding = 4; lastKnownFileType = text; path = 4.csv; sourceTree = "<group>"; };
		C9CF30EE1F38D8550069667E /* 40.csv */ = {isa = PBXFileReference; fileEncoding = 4; lastKnownFileType = text; path = 40.csv; sourceTree = "<group>"; };
		C9CF30EF1F38D8550069667E /* 41.csv */ = {isa = PBXFileReference; fileEncoding = 4; lastKnownFileType = text; path = 41.csv; sourceTree = "<group>"; };
		C9CF30F01F38D8550069667E /* 42.csv */ = {isa = PBXFileReference; fileEncoding = 4; lastKnownFileType = text; path = 42.csv; sourceTree = "<group>"; };
		C9CF30F11F38D8550069667E /* 43.csv */ = {isa = PBXFileReference; fileEncoding = 4; lastKnownFileType = text; path = 43.csv; sourceTree = "<group>"; };
		C9CF30F21F38D8550069667E /* 44.csv */ = {isa = PBXFileReference; fileEncoding = 4; lastKnownFileType = text; path = 44.csv; sourceTree = "<group>"; };
		C9CF30F31F38D8550069667E /* 45.csv */ = {isa = PBXFileReference; fileEncoding = 4; lastKnownFileType = text; path = 45.csv; sourceTree = "<group>"; };
		C9CF30F41F38D8550069667E /* 46.csv */ = {isa = PBXFileReference; fileEncoding = 4; lastKnownFileType = text; path = 46.csv; sourceTree = "<group>"; };
		C9CF30F51F38D8550069667E /* 47.csv */ = {isa = PBXFileReference; fileEncoding = 4; lastKnownFileType = text; path = 47.csv; sourceTree = "<group>"; };
		C9CF30F61F38D8550069667E /* 5.csv */ = {isa = PBXFileReference; fileEncoding = 4; lastKnownFileType = text; path = 5.csv; sourceTree = "<group>"; };
		C9CF30F71F38D8550069667E /* 6.csv */ = {isa = PBXFileReference; fileEncoding = 4; lastKnownFileType = text; path = 6.csv; sourceTree = "<group>"; };
		C9CF30F81F38D8550069667E /* 7.csv */ = {isa = PBXFileReference; fileEncoding = 4; lastKnownFileType = text; path = 7.csv; sourceTree = "<group>"; };
		C9CF30F91F38D8550069667E /* 8.csv */ = {isa = PBXFileReference; fileEncoding = 4; lastKnownFileType = text; path = 8.csv; sourceTree = "<group>"; };
		C9CF30FA1F38D8550069667E /* 9.csv */ = {isa = PBXFileReference; fileEncoding = 4; lastKnownFileType = text; path = 9.csv; sourceTree = "<group>"; };
/* End PBXFileReference section */

/* Begin PBXFrameworksBuildPhase section */
		C9975F521F38582300B6551B /* Frameworks */ = {
			isa = PBXFrameworksBuildPhase;
			buildActionMask = 2147483647;
			files = (
			);
			runOnlyForDeploymentPostprocessing = 0;
		};
/* End PBXFrameworksBuildPhase section */

/* Begin PBXGroup section */
		C9975F4C1F38582300B6551B = {
			isa = PBXGroup;
			children = (
				C9975F581F38582300B6551B /* ZipCode4s */,
				C9975F571F38582300B6551B /* Products */,
			);
			sourceTree = "<group>";
		};
		C9975F571F38582300B6551B /* Products */ = {
			isa = PBXGroup;
			children = (
				C9975F561F38582300B6551B /* ZipCode4s.framework */,
			);
			name = Products;
			sourceTree = "<group>";
		};
		C9975F581F38582300B6551B /* ZipCode4s */ = {
			isa = PBXGroup;
			children = (
				C9975F591F38582300B6551B /* ZipCode4s.h */,
				C9975F5A1F38582300B6551B /* Info.plist */,
				C9CF30CA1F38D8550069667E /* ZipCode.swift */,
				C9CF30CB1F38D8550069667E /* assets */,
			);
			path = ZipCode4s;
			sourceTree = "<group>";
		};
		C9CF30CB1F38D8550069667E /* assets */ = {
			isa = PBXGroup;
			children = (
				C9CF30CC1F38D8550069667E /* 1.csv */,
				C9CF30CD1F38D8550069667E /* 10.csv */,
				C9CF30CE1F38D8550069667E /* 11.csv */,
				C9CF30CF1F38D8550069667E /* 12.csv */,
				C9CF30D01F38D8550069667E /* 13.csv */,
				C9CF30D11F38D8550069667E /* 14.csv */,
				C9CF30D21F38D8550069667E /* 15.csv */,
				C9CF30D31F38D8550069667E /* 16.csv */,
				C9CF30D41F38D8550069667E /* 17.csv */,
				C9CF30D51F38D8550069667E /* 18.csv */,
				C9CF30D61F38D8550069667E /* 19.csv */,
				C9CF30D71F38D8550069667E /* 2.csv */,
				C9CF30D81F38D8550069667E /* 20.csv */,
				C9CF30D91F38D8550069667E /* 21.csv */,
				C9CF30DA1F38D8550069667E /* 22.csv */,
				C9CF30DB1F38D8550069667E /* 23.csv */,
				C9CF30DC1F38D8550069667E /* 24.csv */,
				C9CF30DD1F38D8550069667E /* 25.csv */,
				C9CF30DE1F38D8550069667E /* 26.csv */,
				C9CF30DF1F38D8550069667E /* 27.csv */,
				C9CF30E01F38D8550069667E /* 28.csv */,
				C9CF30E11F38D8550069667E /* 29.csv */,
				C9CF30E21F38D8550069667E /* 3.csv */,
				C9CF30E31F38D8550069667E /* 30.csv */,
				C9CF30E41F38D8550069667E /* 31.csv */,
				C9CF30E51F38D8550069667E /* 32.csv */,
				C9CF30E61F38D8550069667E /* 33.csv */,
				C9CF30E71F38D8550069667E /* 34.csv */,
				C9CF30E81F38D8550069667E /* 35.csv */,
				C9CF30E91F38D8550069667E /* 36.csv */,
				C9CF30EA1F38D8550069667E /* 37.csv */,
				C9CF30EB1F38D8550069667E /* 38.csv */,
				C9CF30EC1F38D8550069667E /* 39.csv */,
				C9CF30ED1F38D8550069667E /* 4.csv */,
				C9CF30EE1F38D8550069667E /* 40.csv */,
				C9CF30EF1F38D8550069667E /* 41.csv */,
				C9CF30F01F38D8550069667E /* 42.csv */,
				C9CF30F11F38D8550069667E /* 43.csv */,
				C9CF30F21F38D8550069667E /* 44.csv */,
				C9CF30F31F38D8550069667E /* 45.csv */,
				C9CF30F41F38D8550069667E /* 46.csv */,
				C9CF30F51F38D8550069667E /* 47.csv */,
				C9CF30F61F38D8550069667E /* 5.csv */,
				C9CF30F71F38D8550069667E /* 6.csv */,
				C9CF30F81F38D8550069667E /* 7.csv */,
				C9CF30F91F38D8550069667E /* 8.csv */,
				C9CF30FA1F38D8550069667E /* 9.csv */,
			);
			path = assets;
			sourceTree = "<group>";
		};
/* End PBXGroup section */

/* Begin PBXHeadersBuildPhase section */
		C9975F531F38582300B6551B /* Headers */ = {
			isa = PBXHeadersBuildPhase;
			buildActionMask = 2147483647;
			files = (
				C9975F5B1F38582300B6551B /* ZipCode4s.h in Headers */,
			);
			runOnlyForDeploymentPostprocessing = 0;
		};
/* End PBXHeadersBuildPhase section */

/* Begin PBXNativeTarget section */
		C9975F551F38582300B6551B /* ZipCode4s */ = {
			isa = PBXNativeTarget;
			buildConfigurationList = C9975F5E1F38582300B6551B /* Build configuration list for PBXNativeTarget "ZipCode4s" */;
			buildPhases = (
				C9975F511F38582300B6551B /* Sources */,
				C9975F521F38582300B6551B /* Frameworks */,
				C9975F531F38582300B6551B /* Headers */,
				C9975F541F38582300B6551B /* Resources */,
			);
			buildRules = (
			);
			dependencies = (
			);
			name = ZipCode4s;
			productName = ZipCode4s;
			productReference = C9975F561F38582300B6551B /* ZipCode4s.framework */;
			productType = "com.apple.product-type.framework";
		};
/* End PBXNativeTarget section */

/* Begin PBXProject section */
		C9975F4D1F38582300B6551B /* Project object */ = {
			isa = PBXProject;
			attributes = {
				LastUpgradeCheck = 0830;
				ORGANIZATIONNAME = Taillook;
				TargetAttributes = {
					C9975F551F38582300B6551B = {
						CreatedOnToolsVersion = 8.3.3;
						DevelopmentTeam = YS65CTH2V7;
						LastSwiftMigration = 0830;
						ProvisioningStyle = Automatic;
					};
				};
			};
			buildConfigurationList = C9975F501F38582300B6551B /* Build configuration list for PBXProject "ZipCode4s" */;
			compatibilityVersion = "Xcode 3.2";
			developmentRegion = English;
			hasScannedForEncodings = 0;
			knownRegions = (
				en,
			);
			mainGroup = C9975F4C1F38582300B6551B;
			productRefGroup = C9975F571F38582300B6551B /* Products */;
			projectDirPath = "";
			projectRoot = "";
			targets = (
				C9975F551F38582300B6551B /* ZipCode4s */,
			);
		};
/* End PBXProject section */

/* Begin PBXResourcesBuildPhase section */
		C9975F541F38582300B6551B /* Resources */ = {
			isa = PBXResourcesBuildPhase;
			buildActionMask = 2147483647;
			files = (
				C9CF31081F38D8550069667E /* 20.csv in Resources */,
				C9CF31101F38D8550069667E /* 28.csv in Resources */,
				C9CF31201F38D8550069667E /* 42.csv in Resources */,
				C9CF310D1F38D8550069667E /* 25.csv in Resources */,
				C9CF310C1F38D8550069667E /* 24.csv in Resources */,
				C9CF31211F38D8550069667E /* 43.csv in Resources */,
				C9CF311C1F38D8550069667E /* 39.csv in Resources */,
				C9CF31091F38D8550069667E /* 21.csv in Resources */,
				C9CF31111F38D8550069667E /* 29.csv in Resources */,
				C9CF31261F38D8550069667E /* 5.csv in Resources */,
				C9CF311A1F38D8550069667E /* 37.csv in Resources */,
				C9CF31121F38D8550069667E /* 3.csv in Resources */,
				C9CF31001F38D8550069667E /* 13.csv in Resources */,
				C9CF310F1F38D8550069667E /* 27.csv in Resources */,
				C9CF31221F38D8550069667E /* 44.csv in Resources */,
				C9CF31011F38D8550069667E /* 14.csv in Resources */,
				C9CF312A1F38D8550069667E /* 9.csv in Resources */,
				C9CF311B1F38D8550069667E /* 38.csv in Resources */,
				C9CF311F1F38D8550069667E /* 41.csv in Resources */,
				C9CF310E1F38D8550069667E /* 26.csv in Resources */,
				C9CF30FC1F38D8550069667E /* 1.csv in Resources */,
				C9CF310B1F38D8550069667E /* 23.csv in Resources */,
				C9CF31151F38D8550069667E /* 32.csv in Resources */,
				C9CF30FE1F38D8550069667E /* 11.csv in Resources */,
				C9CF31041F38D8550069667E /* 17.csv in Resources */,
				C9CF31161F38D8550069667E /* 33.csv in Resources */,
				C9CF31051F38D8550069667E /* 18.csv in Resources */,
				C9CF31231F38D8550069667E /* 45.csv in Resources */,
				C9CF31061F38D8550069667E /* 19.csv in Resources */,
				C9CF31171F38D8550069667E /* 34.csv in Resources */,
				C9CF31021F38D8550069667E /* 15.csv in Resources */,
				C9CF310A1F38D8550069667E /* 22.csv in Resources */,
				C9CF31131F38D8550069667E /* 30.csv in Resources */,
				C9CF31181F38D8550069667E /* 35.csv in Resources */,
				C9CF31271F38D8550069667E /* 6.csv in Resources */,
				C9CF31141F38D8550069667E /* 31.csv in Resources */,
				C9CF31191F38D8550069667E /* 36.csv in Resources */,
				C9CF31281F38D8550069667E /* 7.csv in Resources */,
				C9CF31241F38D8550069667E /* 46.csv in Resources */,
				C9CF30FD1F38D8550069667E /* 10.csv in Resources */,
				C9CF311E1F38D8550069667E /* 40.csv in Resources */,
				C9CF31251F38D8550069667E /* 47.csv in Resources */,
				C9CF31291F38D8550069667E /* 8.csv in Resources */,
				C9CF31071F38D8550069667E /* 2.csv in Resources */,
				C9CF311D1F38D8550069667E /* 4.csv in Resources */,
				C9CF30FF1F38D8550069667E /* 12.csv in Resources */,
				C9CF31031F38D8550069667E /* 16.csv in Resources */,
			);
			runOnlyForDeploymentPostprocessing = 0;
		};
/* End PBXResourcesBuildPhase section */

/* Begin PBXSourcesBuildPhase section */
		C9975F511F38582300B6551B /* Sources */ = {
			isa = PBXSourcesBuildPhase;
			buildActionMask = 2147483647;
			files = (
				C9CF30FB1F38D8550069667E /* ZipCode.swift in Sources */,
			);
			runOnlyForDeploymentPostprocessing = 0;
		};
/* End PBXSourcesBuildPhase section */

/* Begin XCBuildConfiguration section */
		C9975F5C1F38582300B6551B /* Debug */ = {
			isa = XCBuildConfiguration;
			buildSettings = {
				ALWAYS_SEARCH_USER_PATHS = NO;
				CLANG_ANALYZER_NONNULL = YES;
				CLANG_ANALYZER_NUMBER_OBJECT_CONVERSION = YES_AGGRESSIVE;
				CLANG_CXX_LANGUAGE_STANDARD = "gnu++0x";
				CLANG_CXX_LIBRARY = "libc++";
				CLANG_ENABLE_MODULES = YES;
				CLANG_ENABLE_OBJC_ARC = YES;
				CLANG_WARN_BOOL_CONVERSION = YES;
				CLANG_WARN_CONSTANT_CONVERSION = YES;
				CLANG_WARN_DIRECT_OBJC_ISA_USAGE = YES_ERROR;
				CLANG_WARN_DOCUMENTATION_COMMENTS = YES;
				CLANG_WARN_EMPTY_BODY = YES;
				CLANG_WARN_ENUM_CONVERSION = YES;
				CLANG_WARN_INFINITE_RECURSION = YES;
				CLANG_WARN_INT_CONVERSION = YES;
				CLANG_WARN_OBJC_ROOT_CLASS = YES_ERROR;
				CLANG_WARN_SUSPICIOUS_MOVE = YES;
				CLANG_WARN_UNREACHABLE_CODE = YES;
				CLANG_WARN__DUPLICATE_METHOD_MATCH = YES;
				"CODE_SIGN_IDENTITY[sdk=iphoneos*]" = "iPhone Developer";
				COPY_PHASE_STRIP = NO;
				CURRENT_PROJECT_VERSION = 1;
				DEBUG_INFORMATION_FORMAT = dwarf;
				ENABLE_STRICT_OBJC_MSGSEND = YES;
				ENABLE_TESTABILITY = YES;
				GCC_C_LANGUAGE_STANDARD = gnu99;
				GCC_DYNAMIC_NO_PIC = NO;
				GCC_NO_COMMON_BLOCKS = YES;
				GCC_OPTIMIZATION_LEVEL = 0;
				GCC_PREPROCESSOR_DEFINITIONS = (
					"DEBUG=1",
					"$(inherited)",
				);
				GCC_WARN_64_TO_32_BIT_CONVERSION = YES;
				GCC_WARN_ABOUT_RETURN_TYPE = YES_ERROR;
				GCC_WARN_UNDECLARED_SELECTOR = YES;
				GCC_WARN_UNINITIALIZED_AUTOS = YES_AGGRESSIVE;
				GCC_WARN_UNUSED_FUNCTION = YES;
				GCC_WARN_UNUSED_VARIABLE = YES;
				IPHONEOS_DEPLOYMENT_TARGET = 10.3;
				MTL_ENABLE_DEBUG_INFO = YES;
				ONLY_ACTIVE_ARCH = YES;
				SDKROOT = iphoneos;
				SWIFT_ACTIVE_COMPILATION_CONDITIONS = DEBUG;
				SWIFT_OPTIMIZATION_LEVEL = "-Onone";
				TARGETED_DEVICE_FAMILY = "1,2";
				VERSIONING_SYSTEM = "apple-generic";
				VERSION_INFO_PREFIX = "";
			};
			name = Debug;
		};
		C9975F5D1F38582300B6551B /* Release */ = {
			isa = XCBuildConfiguration;
			buildSettings = {
				ALWAYS_SEARCH_USER_PATHS = NO;
				CLANG_ANALYZER_NONNULL = YES;
				CLANG_ANALYZER_NUMBER_OBJECT_CONVERSION = YES_AGGRESSIVE;
				CLANG_CXX_LANGUAGE_STANDARD = "gnu++0x";
				CLANG_CXX_LIBRARY = "libc++";
				CLANG_ENABLE_MODULES = YES;
				CLANG_ENABLE_OBJC_ARC = YES;
				CLANG_WARN_BOOL_CONVERSION = YES;
				CLANG_WARN_CONSTANT_CONVERSION = YES;
				CLANG_WARN_DIRECT_OBJC_ISA_USAGE = YES_ERROR;
				CLANG_WARN_DOCUMENTATION_COMMENTS = YES;
				CLANG_WARN_EMPTY_BODY = YES;
				CLANG_WARN_ENUM_CONVERSION = YES;
				CLANG_WARN_INFINITE_RECURSION = YES;
				CLANG_WARN_INT_CONVERSION = YES;
				CLANG_WARN_OBJC_ROOT_CLASS = YES_ERROR;
				CLANG_WARN_SUSPICIOUS_MOVE = YES;
				CLANG_WARN_UNREACHABLE_CODE = YES;
				CLANG_WARN__DUPLICATE_METHOD_MATCH = YES;
				"CODE_SIGN_IDENTITY[sdk=iphoneos*]" = "iPhone Developer";
				COPY_PHASE_STRIP = NO;
				CURRENT_PROJECT_VERSION = 1;
				DEBUG_INFORMATION_FORMAT = "dwarf-with-dsym";
				ENABLE_NS_ASSERTIONS = NO;
				ENABLE_STRICT_OBJC_MSGSEND = YES;
				GCC_C_LANGUAGE_STANDARD = gnu99;
				GCC_NO_COMMON_BLOCKS = YES;
				GCC_WARN_64_TO_32_BIT_CONVERSION = YES;
				GCC_WARN_ABOUT_RETURN_TYPE = YES_ERROR;
				GCC_WARN_UNDECLARED_SELECTOR = YES;
				GCC_WARN_UNINITIALIZED_AUTOS = YES_AGGRESSIVE;
				GCC_WARN_UNUSED_FUNCTION = YES;
				GCC_WARN_UNUSED_VARIABLE = YES;
				IPHONEOS_DEPLOYMENT_TARGET = 10.3;
				MTL_ENABLE_DEBUG_INFO = NO;
				SDKROOT = iphoneos;
				SWIFT_OPTIMIZATION_LEVEL = "-Owholemodule";
				TARGETED_DEVICE_FAMILY = "1,2";
				VALIDATE_PRODUCT = YES;
				VERSIONING_SYSTEM = "apple-generic";
				VERSION_INFO_PREFIX = "";
			};
			name = Release;
		};
		C9975F5F1F38582300B6551B /* Debug */ = {
			isa = XCBuildConfiguration;
			buildSettings = {
				CLANG_ENABLE_MODULES = YES;
				CODE_SIGN_IDENTITY = "";
				DEFINES_MODULE = YES;
				DEVELOPMENT_TEAM = YS65CTH2V7;
				DYLIB_COMPATIBILITY_VERSION = 1;
				DYLIB_CURRENT_VERSION = 1;
				DYLIB_INSTALL_NAME_BASE = "@rpath";
				INFOPLIST_FILE = ZipCode4s/Info.plist;
				INSTALL_PATH = "$(LOCAL_LIBRARY_DIR)/Frameworks";
				LD_RUNPATH_SEARCH_PATHS = "$(inherited) @executable_path/Frameworks @loader_path/Frameworks";
				PRODUCT_BUNDLE_IDENTIFIER = net.grapebread.ZipCode4s;
				PRODUCT_NAME = "$(TARGET_NAME)";
				SKIP_INSTALL = YES;
				SWIFT_OPTIMIZATION_LEVEL = "-Onone";
				SWIFT_VERSION = 3.0;
			};
			name = Debug;
		};
		C9975F601F38582300B6551B /* Release */ = {
			isa = XCBuildConfiguration;
			buildSettings = {
				CLANG_ENABLE_MODULES = YES;
				CODE_SIGN_IDENTITY = "";
				DEFINES_MODULE = YES;
				DEVELOPMENT_TEAM = YS65CTH2V7;
				DYLIB_COMPATIBILITY_VERSION = 1;
				DYLIB_CURRENT_VERSION = 1;
				DYLIB_INSTALL_NAME_BASE = "@rpath";
				INFOPLIST_FILE = ZipCode4s/Info.plist;
				INSTALL_PATH = "$(LOCAL_LIBRARY_DIR)/Frameworks";
				LD_RUNPATH_SEARCH_PATHS = "$(inherited) @executable_path/Frameworks @loader_path/Frameworks";
				PRODUCT_BUNDLE_IDENTIFIER = net.grapebread.ZipCode4s;
				PRODUCT_NAME = "$(TARGET_NAME)";
				SKIP_INSTALL = YES;
				SWIFT_VERSION = 3.0;
			};
			name = Release;
		};
/* End XCBuildConfiguration section */

/* Begin XCConfigurationList section */
		C9975F501F38582300B6551B /* Build configuration list for PBXProject "ZipCode4s" */ = {
			isa = XCConfigurationList;
			buildConfigurations = (
				C9975F5C1F38582300B6551B /* Debug */,
				C9975F5D1F38582300B6551B /* Release */,
			);
			defaultConfigurationIsVisible = 0;
			defaultConfigurationName = Release;
		};
		C9975F5E1F38582300B6551B /* Build configuration list for PBXNativeTarget "ZipCode4s" */ = {
			isa = XCConfigurationList;
			buildConfigurations = (
				C9975F5F1F38582300B6551B /* Debug */,
				C9975F601F38582300B6551B /* Release */,
			);
			defaultConfigurationIsVisible = 0;
			defaultConfigurationName = Release;
		};
/* End XCConfigurationList section */
	};
	rootObject = C9975F4D1F38582300B6551B /* Project object */;
}
