// !$*UTF8*$!
{
	archiveVersion = 1;
	classes = {
	};
	objectVersion = 46;
	objects = {

/* Begin PBXBuildFile section */
		C9CF2F291F388C6A0069667E /* AppDelegate.swift in Sources */ = {isa = PBXBuildFile; fileRef = C9CF2F281F388C6A0069667E /* AppDelegate.swift */; };
		C9CF2F2B1F388C6A0069667E /* ViewController.swift in Sources */ = {isa = PBXBuildFile; fileRef = C9CF2F2A1F388C6A0069667E /* ViewController.swift */; };
		C9CF2F2E1F388C6A0069667E /* Main.storyboard in Resources */ = {isa = PBXBuildFile; fileRef = C9CF2F2C1F388C6A0069667E /* Main.storyboard */; };
		C9CF2F301F388C6A0069667E /* Assets.xcassets in Resources */ = {isa = PBXBuildFile; fileRef = C9CF2F2F1F388C6A0069667E /* Assets.xcassets */; };
		C9CF2F331F388C6A0069667E /* LaunchScreen.storyboard in Resources */ = {isa = PBXBuildFile; fileRef = C9CF2F311F388C6A0069667E /* LaunchScreen.storyboard */; };
		C9CF30C81F389AC60069667E /* Info.plist in Resources */ = {isa = PBXBuildFile; fileRef = C9CF30961F389AC50069667E /* Info.plist */; };
		C9CF30C91F389AC60069667E /* ZipCode.swift in Sources */ = {isa = PBXBuildFile; fileRef = C9CF30971F389AC50069667E /* ZipCode.swift */; };
		C9CF314C1F395AD70069667E /* resources.bundle in Resources */ = {isa = PBXBuildFile; fileRef = C9CF314B1F395AD70069667E /* resources.bundle */; };
/* End PBXBuildFile section */

/* Begin PBXFileReference section */
		C9CF2F251F388C6A0069667E /* DEMO.app */ = {isa = PBXFileReference; explicitFileType = wrapper.application; includeInIndex = 0; path = DEMO.app; sourceTree = BUILT_PRODUCTS_DIR; };
		C9CF2F281F388C6A0069667E /* AppDelegate.swift */ = {isa = PBXFileReference; lastKnownFileType = sourcecode.swift; path = AppDelegate.swift; sourceTree = "<group>"; };
		C9CF2F2A1F388C6A0069667E /* ViewController.swift */ = {isa = PBXFileReference; lastKnownFileType = sourcecode.swift; path = ViewController.swift; sourceTree = "<group>"; };
		C9CF2F2D1F388C6A0069667E /* Base */ = {isa = PBXFileReference; lastKnownFileType = file.storyboard; name = Base; path = Base.lproj/Main.storyboard; sourceTree = "<group>"; };
		C9CF2F2F1F388C6A0069667E /* Assets.xcassets */ = {isa = PBXFileReference; lastKnownFileType = folder.assetcatalog; path = Assets.xcassets; sourceTree = "<group>"; };
		C9CF2F321F388C6A0069667E /* Base */ = {isa = PBXFileReference; lastKnownFileType = file.storyboard; name = Base; path = Base.lproj/LaunchScreen.storyboard; sourceTree = "<group>"; };
		C9CF2F341F388C6A0069667E /* Info.plist */ = {isa = PBXFileReference; lastKnownFileType = text.plist.xml; path = Info.plist; sourceTree = "<group>"; };
		C9CF30671F389AC50069667E /* 1.csv */ = {isa = PBXFileReference; fileEncoding = 4; lastKnownFileType = text; path = 1.csv; sourceTree = "<group>"; };
		C9CF30681F389AC50069667E /* 10.csv */ = {isa = PBXFileReference; fileEncoding = 4; lastKnownFileType = text; path = 10.csv; sourceTree = "<group>"; };
		C9CF30691F389AC50069667E /* 11.csv */ = {isa = PBXFileReference; fileEncoding = 4; lastKnownFileType = text; path = 11.csv; sourceTree = "<group>"; };
		C9CF306A1F389AC50069667E /* 12.csv */ = {isa = PBXFileReference; fileEncoding = 4; lastKnownFileType = text; path = 12.csv; sourceTree = "<group>"; };
		C9CF306B1F389AC50069667E /* 13.csv */ = {isa = PBXFileReference; fileEncoding = 4; lastKnownFileType = text; path = 13.csv; sourceTree = "<group>"; };
		C9CF306C1F389AC50069667E /* 14.csv */ = {isa = PBXFileReference; fileEncoding = 4; lastKnownFileType = text; path = 14.csv; sourceTree = "<group>"; };
		C9CF306D1F389AC50069667E /* 15.csv */ = {isa = PBXFileReference; fileEncoding = 4; lastKnownFileType = text; path = 15.csv; sourceTree = "<group>"; };
		C9CF306E1F389AC50069667E /* 16.csv */ = {isa = PBXFileReference; fileEncoding = 4; lastKnownFileType = text; path = 16.csv; sourceTree = "<group>"; };
		C9CF306F1F389AC50069667E /* 17.csv */ = {isa = PBXFileReference; fileEncoding = 4; lastKnownFileType = text; path = 17.csv; sourceTree = "<group>"; };
		C9CF30701F389AC50069667E /* 18.csv */ = {isa = PBXFileReference; fileEncoding = 4; lastKnownFileType = text; path = 18.csv; sourceTree = "<group>"; };
		C9CF30711F389AC50069667E /* 19.csv */ = {isa = PBXFileReference; fileEncoding = 4; lastKnownFileType = text; path = 19.csv; sourceTree = "<group>"; };
		C9CF30721F389AC50069667E /* 2.csv */ = {isa = PBXFileReference; fileEncoding = 4; lastKnownFileType = text; path = 2.csv; sourceTree = "<group>"; };
		C9CF30731F389AC50069667E /* 20.csv */ = {isa = PBXFileReference; fileEncoding = 4; lastKnownFileType = text; path = 20.csv; sourceTree = "<group>"; };
		C9CF30741F389AC50069667E /* 21.csv */ = {isa = PBXFileReference; fileEncoding = 4; lastKnownFileType = text; path = 21.csv; sourceTree = "<group>"; };
		C9CF30751F389AC50069667E /* 22.csv */ = {isa = PBXFileReference; fileEncoding = 4; lastKnownFileType = text; path = 22.csv; sourceTree = "<group>"; };
		C9CF30761F389AC50069667E /* 23.csv */ = {isa = PBXFileReference; fileEncoding = 4; lastKnownFileType = text; path = 23.csv; sourceTree = "<group>"; };
		C9CF30771F389AC50069667E /* 24.csv */ = {isa = PBXFileReference; fileEncoding = 4; lastKnownFileType = text; path = 24.csv; sourceTree = "<group>"; };
		C9CF30781F389AC50069667E /* 25.csv */ = {isa = PBXFileReference; fileEncoding = 4; lastKnownFileType = text; path = 25.csv; sourceTree = "<group>"; };
		C9CF30791F389AC50069667E /* 26.csv */ = {isa = PBXFileReference; fileEncoding = 4; lastKnownFileType = text; path = 26.csv; sourceTree = "<group>"; };
		C9CF307A1F389AC50069667E /* 27.csv */ = {isa = PBXFileReference; fileEncoding = 4; lastKnownFileType = text; path = 27.csv; sourceTree = "<group>"; };
		C9CF307B1F389AC50069667E /* 28.csv */ = {isa = PBXFileReference; fileEncoding = 4; lastKnownFileType = text; path = 28.csv; sourceTree = "<group>"; };
		C9CF307C1F389AC50069667E /* 29.csv */ = {isa = PBXFileReference; fileEncoding = 4; lastKnownFileType = text; path = 29.csv; sourceTree = "<group>"; };
		C9CF307D1F389AC50069667E /* 3.csv */ = {isa = PBXFileReference; fileEncoding = 4; lastKnownFileType = text; path = 3.csv; sourceTree = "<group>"; };
		C9CF307E1F389AC50069667E /* 30.csv */ = {isa = PBXFileReference; fileEncoding = 4; lastKnownFileType = text; path = 30.csv; sourceTree = "<group>"; };
		C9CF307F1F389AC50069667E /* 31.csv */ = {isa = PBXFileReference; fileEncoding = 4; lastKnownFileType = text; path = 31.csv; sourceTree = "<group>"; };
		C9CF30801F389AC50069667E /* 32.csv */ = {isa = PBXFileReference; fileEncoding = 4; lastKnownFileType = text; path = 32.csv; sourceTree = "<group>"; };
		C9CF30811F389AC50069667E /* 33.csv */ = {isa = PBXFileReference; fileEncoding = 4; lastKnownFileType = text; path = 33.csv; sourceTree = "<group>"; };
		C9CF30821F389AC50069667E /* 34.csv */ = {isa = PBXFileReference; fileEncoding = 4; lastKnownFileType = text; path = 34.csv; sourceTree = "<group>"; };
		C9CF30831F389AC50069667E /* 35.csv */ = {isa = PBXFileReference; fileEncoding = 4; lastKnownFileType = text; path = 35.csv; sourceTree = "<group>"; };
		C9CF30841F389AC50069667E /* 36.csv */ = {isa = PBXFileReference; fileEncoding = 4; lastKnownFileType = text; path = 36.csv; sourceTree = "<group>"; };
		C9CF30851F389AC50069667E /* 37.csv */ = {isa = PBXFileReference; fileEncoding = 4; lastKnownFileType = text; path = 37.csv; sourceTree = "<group>"; };
		C9CF30861F389AC50069667E /* 38.csv */ = {isa = PBXFileReference; fileEncoding = 4; lastKnownFileType = text; path = 38.csv; sourceTree = "<group>"; };
		C9CF30871F389AC50069667E /* 39.csv */ = {isa = PBXFileReference; fileEncoding = 4; lastKnownFileType = text; path = 39.csv; sourceTree = "<group>"; };
		C9CF30881F389AC50069667E /* 4.csv */ = {isa = PBXFileReference; fileEncoding = 4; lastKnownFileType = text; path = 4.csv; sourceTree = "<group>"; };
		C9CF30891F389AC50069667E /* 40.csv */ = {isa = PBXFileReference; fileEncoding = 4; lastKnownFileType = text; path = 40.csv; sourceTree = "<group>"; };
		C9CF308A1F389AC50069667E /* 41.csv */ = {isa = PBXFileReference; fileEncoding = 4; lastKnownFileType = text; path = 41.csv; sourceTree = "<group>"; };
		C9CF308B1F389AC50069667E /* 42.csv */ = {isa = PBXFileReference; fileEncoding = 4; lastKnownFileType = text; path = 42.csv; sourceTree = "<group>"; };
		C9CF308C1F389AC50069667E /* 43.csv */ = {isa = PBXFileReference; fileEncoding = 4; lastKnownFileType = text; path = 43.csv; sourceTree = "<group>"; };
		C9CF308D1F389AC50069667E /* 44.csv */ = {isa = PBXFileReference; fileEncoding = 4; lastKnownFileType = text; path = 44.csv; sourceTree = "<group>"; };
		C9CF308E1F389AC50069667E /* 45.csv */ = {isa = PBXFileReference; fileEncoding = 4; lastKnownFileType = text; path = 45.csv; sourceTree = "<group>"; };
		C9CF308F1F389AC50069667E /* 46.csv */ = {isa = PBXFileReference; fileEncoding = 4; lastKnownFileType = text; path = 46.csv; sourceTree = "<group>"; };
		C9CF30901F389AC50069667E /* 47.csv */ = {isa = PBXFileReference; fileEncoding = 4; lastKnownFileType = text; path = 47.csv; sourceTree = "<group>"; };
		C9CF30911F389AC50069667E /* 5.csv */ = {isa = PBXFileReference; fileEncoding = 4; lastKnownFileType = text; path = 5.csv; sourceTree = "<group>"; };
		C9CF30921F389AC50069667E /* 6.csv */ = {isa = PBXFileReference; fileEncoding = 4; lastKnownFileType = text; path = 6.csv; sourceTree = "<group>"; };
		C9CF30931F389AC50069667E /* 7.csv */ = {isa = PBXFileReference; fileEncoding = 4; lastKnownFileType = text; path = 7.csv; sourceTree = "<group>"; };
		C9CF30941F389AC50069667E /* 8.csv */ = {isa = PBXFileReference; fileEncoding = 4; lastKnownFileType = text; path = 8.csv; sourceTree = "<group>"; };
		C9CF30951F389AC50069667E /* 9.csv */ = {isa = PBXFileReference; fileEncoding = 4; lastKnownFileType = text; path = 9.csv; sourceTree = "<group>"; };
		C9CF30961F389AC50069667E /* Info.plist */ = {isa = PBXFileReference; fileEncoding = 4; lastKnownFileType = text.plist.xml; path = Info.plist; sourceTree = "<group>"; };
		C9CF30971F389AC50069667E /* ZipCode.swift */ = {isa = PBXFileReference; fileEncoding = 4; lastKnownFileType = sourcecode.swift; path = ZipCode.swift; sourceTree = "<group>"; };
		C9CF30981F389AC50069667E /* ZipCode4s.h */ = {isa = PBXFileReference; fileEncoding = 4; lastKnownFileType = sourcecode.c.h; path = ZipCode4s.h; sourceTree = "<group>"; };
		C9CF314B1F395AD70069667E /* resources.bundle */ = {isa = PBXFileReference; lastKnownFileType = "wrapper.plug-in"; path = resources.bundle; sourceTree = "<group>"; };
/* End PBXFileReference section */

/* Begin PBXFrameworksBuildPhase section */
		C9CF2F221F388C6A0069667E /* Frameworks */ = {
			isa = PBXFrameworksBuildPhase;
			buildActionMask = 2147483647;
			files = (
			);
			runOnlyForDeploymentPostprocessing = 0;
		};
/* End PBXFrameworksBuildPhase section */

/* Begin PBXGroup section */
		C9CF2F1C1F388C6A0069667E = {
			isa = PBXGroup;
			children = (
				C9CF30651F389AC50069667E /* ZipCode4s */,
				C9CF2F271F388C6A0069667E /* DEMO */,
				C9CF2F261F388C6A0069667E /* Products */,
			);
			sourceTree = "<group>";
		};
		C9CF2F261F388C6A0069667E /* Products */ = {
			isa = PBXGroup;
			children = (
				C9CF2F251F388C6A0069667E /* DEMO.app */,
			);
			name = Products;
			sourceTree = "<group>";
		};
		C9CF2F271F388C6A0069667E /* DEMO */ = {
			isa = PBXGroup;
			children = (
				C9CF2F281F388C6A0069667E /* AppDelegate.swift */,
				C9CF2F2A1F388C6A0069667E /* ViewController.swift */,
				C9CF2F2C1F388C6A0069667E /* Main.storyboard */,
				C9CF2F2F1F388C6A0069667E /* Assets.xcassets */,
				C9CF2F311F388C6A0069667E /* LaunchScreen.storyboard */,
				C9CF2F341F388C6A0069667E /* Info.plist */,
			);
			path = DEMO;
			sourceTree = "<group>";
		};
		C9CF30651F389AC50069667E /* ZipCode4s */ = {
			isa = PBXGroup;
			children = (
				C9CF30661F389AC50069667E /* assets */,
				C9CF30961F389AC50069667E /* Info.plist */,
				C9CF30971F389AC50069667E /* ZipCode.swift */,
				C9CF314B1F395AD70069667E /* resources.bundle */,
				C9CF30981F389AC50069667E /* ZipCode4s.h */,
			);
			name = ZipCode4s;
			path = ../ZipCode4s;
			sourceTree = "<group>";
		};
		C9CF30661F389AC50069667E /* assets */ = {
			isa = PBXGroup;
			children = (
				C9CF30671F389AC50069667E /* 1.csv */,
				C9CF30681F389AC50069667E /* 10.csv */,
				C9CF30691F389AC50069667E /* 11.csv */,
				C9CF306A1F389AC50069667E /* 12.csv */,
				C9CF306B1F389AC50069667E /* 13.csv */,
				C9CF306C1F389AC50069667E /* 14.csv */,
				C9CF306D1F389AC50069667E /* 15.csv */,
				C9CF306E1F389AC50069667E /* 16.csv */,
				C9CF306F1F389AC50069667E /* 17.csv */,
				C9CF30701F389AC50069667E /* 18.csv */,
				C9CF30711F389AC50069667E /* 19.csv */,
				C9CF30721F389AC50069667E /* 2.csv */,
				C9CF30731F389AC50069667E /* 20.csv */,
				C9CF30741F389AC50069667E /* 21.csv */,
				C9CF30751F389AC50069667E /* 22.csv */,
				C9CF30761F389AC50069667E /* 23.csv */,
				C9CF30771F389AC50069667E /* 24.csv */,
				C9CF30781F389AC50069667E /* 25.csv */,
				C9CF30791F389AC50069667E /* 26.csv */,
				C9CF307A1F389AC50069667E /* 27.csv */,
				C9CF307B1F389AC50069667E /* 28.csv */,
				C9CF307C1F389AC50069667E /* 29.csv */,
				C9CF307D1F389AC50069667E /* 3.csv */,
				C9CF307E1F389AC50069667E /* 30.csv */,
				C9CF307F1F389AC50069667E /* 31.csv */,
				C9CF30801F389AC50069667E /* 32.csv */,
				C9CF30811F389AC50069667E /* 33.csv */,
				C9CF30821F389AC50069667E /* 34.csv */,
				C9CF30831F389AC50069667E /* 35.csv */,
				C9CF30841F389AC50069667E /* 36.csv */,
				C9CF30851F389AC50069667E /* 37.csv */,
				C9CF30861F389AC50069667E /* 38.csv */,
				C9CF30871F389AC50069667E /* 39.csv */,
				C9CF30881F389AC50069667E /* 4.csv */,
				C9CF30891F389AC50069667E /* 40.csv */,
				C9CF308A1F389AC50069667E /* 41.csv */,
				C9CF308B1F389AC50069667E /* 42.csv */,
				C9CF308C1F389AC50069667E /* 43.csv */,
				C9CF308D1F389AC50069667E /* 44.csv */,
				C9CF308E1F389AC50069667E /* 45.csv */,
				C9CF308F1F389AC50069667E /* 46.csv */,
				C9CF30901F389AC50069667E /* 47.csv */,
				C9CF30911F389AC50069667E /* 5.csv */,
				C9CF30921F389AC50069667E /* 6.csv */,
				C9CF30931F389AC50069667E /* 7.csv */,
				C9CF30941F389AC50069667E /* 8.csv */,
				C9CF30951F389AC50069667E /* 9.csv */,
			);
			path = assets;
			sourceTree = "<group>";
		};
/* End PBXGroup section */

/* Begin PBXNativeTarget section */
		C9CF2F241F388C6A0069667E /* DEMO */ = {
			isa = PBXNativeTarget;
			buildConfigurationList = C9CF2F371F388C6A0069667E /* Build configuration list for PBXNativeTarget "DEMO" */;
			buildPhases = (
				C9CF2F211F388C6A0069667E /* Sources */,
				C9CF2F221F388C6A0069667E /* Frameworks */,
				C9CF2F231F388C6A0069667E /* Resources */,
			);
			buildRules = (
			);
			dependencies = (
			);
			name = DEMO;
			productName = DEMO;
			productReference = C9CF2F251F388C6A0069667E /* DEMO.app */;
			productType = "com.apple.product-type.application";
		};
/* End PBXNativeTarget section */

/* Begin PBXProject section */
		C9CF2F1D1F388C6A0069667E /* Project object */ = {
			isa = PBXProject;
			attributes = {
				LastSwiftUpdateCheck = 0830;
				LastUpgradeCheck = 0830;
				ORGANIZATIONNAME = Taillook;
				TargetAttributes = {
					C9CF2F241F388C6A0069667E = {
						CreatedOnToolsVersion = 8.3.3;
						DevelopmentTeam = YS65CTH2V7;
						ProvisioningStyle = Automatic;
					};
				};
			};
			buildConfigurationList = C9CF2F201F388C6A0069667E /* Build configuration list for PBXProject "DEMO" */;
			compatibilityVersion = "Xcode 3.2";
			developmentRegion = English;
			hasScannedForEncodings = 0;
			knownRegions = (
				en,
				Base,
			);
			mainGroup = C9CF2F1C1F388C6A0069667E;
			productRefGroup = C9CF2F261F388C6A0069667E /* Products */;
			projectDirPath = "";
			projectRoot = "";
			targets = (
				C9CF2F241F388C6A0069667E /* DEMO */,
			);
		};
/* End PBXProject section */

/* Begin PBXResourcesBuildPhase section */
		C9CF2F231F388C6A0069667E /* Resources */ = {
			isa = PBXResourcesBuildPhase;
			buildActionMask = 2147483647;
			files = (
				C9CF2F331F388C6A0069667E /* LaunchScreen.storyboard in Resources */,
				C9CF314C1F395AD70069667E /* resources.bundle in Resources */,
				C9CF2F301F388C6A0069667E /* Assets.xcassets in Resources */,
				C9CF30C81F389AC60069667E /* Info.plist in Resources */,
				C9CF2F2E1F388C6A0069667E /* Main.storyboard in Resources */,
			);
			runOnlyForDeploymentPostprocessing = 0;
		};
/* End PBXResourcesBuildPhase section */

/* Begin PBXSourcesBuildPhase section */
		C9CF2F211F388C6A0069667E /* Sources */ = {
			isa = PBXSourcesBuildPhase;
			buildActionMask = 2147483647;
			files = (
				C9CF2F2B1F388C6A0069667E /* ViewController.swift in Sources */,
				C9CF30C91F389AC60069667E /* ZipCode.swift in Sources */,
				C9CF2F291F388C6A0069667E /* AppDelegate.swift in Sources */,
			);
			runOnlyForDeploymentPostprocessing = 0;
		};
/* End PBXSourcesBuildPhase section */

/* Begin PBXVariantGroup section */
		C9CF2F2C1F388C6A0069667E /* Main.storyboard */ = {
			isa = PBXVariantGroup;
			children = (
				C9CF2F2D1F388C6A0069667E /* Base */,
			);
			name = Main.storyboard;
			sourceTree = "<group>";
		};
		C9CF2F311F388C6A0069667E /* LaunchScreen.storyboard */ = {
			isa = PBXVariantGroup;
			children = (
				C9CF2F321F388C6A0069667E /* Base */,
			);
			name = LaunchScreen.storyboard;
			sourceTree = "<group>";
		};
/* End PBXVariantGroup section */

/* Begin XCBuildConfiguration section */
		C9CF2F351F388C6A0069667E /* Debug */ = {
			isa = XCBuildConfiguration;
			buildSettings = {
				ALWAYS_SEARCH_USER_PATHS = NO;
				CLANG_ANALYZER_NONNULL = YES;
				CLANG_ANALYZER_NUMBER_OBJECT_CONVERSION = YES_AGGRESSIVE;
				CLANG_CXX_LANGUAGE_STANDARD = "gnu++0x";
				CLANG_CXX_LIBRARY = "libc++";
				CLANG_ENABLE_MODULES = YES;
				CLANG_ENABLE_OBJC_ARC = YES;
				CLANG_WARN_BOOL_CONVERSION = YES;
				CLANG_WARN_CONSTANT_CONVERSION = YES;
				CLANG_WARN_DIRECT_OBJC_ISA_USAGE = YES_ERROR;
				CLANG_WARN_DOCUMENTATION_COMMENTS = YES;
				CLANG_WARN_EMPTY_BODY = YES;
				CLANG_WARN_ENUM_CONVERSION = YES;
				CLANG_WARN_INFINITE_RECURSION = YES;
				CLANG_WARN_INT_CONVERSION = YES;
				CLANG_WARN_OBJC_ROOT_CLASS = YES_ERROR;
				CLANG_WARN_SUSPICIOUS_MOVE = YES;
				CLANG_WARN_UNREACHABLE_CODE = YES;
				CLANG_WARN__DUPLICATE_METHOD_MATCH = YES;
				"CODE_SIGN_IDENTITY[sdk=iphoneos*]" = "iPhone Developer";
				COPY_PHASE_STRIP = NO;
				DEBUG_INFORMATION_FORMAT = dwarf;
				ENABLE_STRICT_OBJC_MSGSEND = YES;
				ENABLE_TESTABILITY = YES;
				GCC_C_LANGUAGE_STANDARD = gnu99;
				GCC_DYNAMIC_NO_PIC = NO;
				GCC_NO_COMMON_BLOCKS = YES;
				GCC_OPTIMIZATION_LEVEL = 0;
				GCC_PREPROCESSOR_DEFINITIONS = (
					"DEBUG=1",
					"$(inherited)",
				);
				GCC_WARN_64_TO_32_BIT_CONVERSION = YES;
				GCC_WARN_ABOUT_RETURN_TYPE = YES_ERROR;
				GCC_WARN_UNDECLARED_SELECTOR = YES;
				GCC_WARN_UNINITIALIZED_AUTOS = YES_AGGRESSIVE;
				GCC_WARN_UNUSED_FUNCTION = YES;
				GCC_WARN_UNUSED_VARIABLE = YES;
				IPHONEOS_DEPLOYMENT_TARGET = 10.3;
				MTL_ENABLE_DEBUG_INFO = YES;
				ONLY_ACTIVE_ARCH = YES;
				SDKROOT = iphoneos;
				SWIFT_ACTIVE_COMPILATION_CONDITIONS = DEBUG;
				SWIFT_OPTIMIZATION_LEVEL = "-Onone";
			};
			name = Debug;
		};
		C9CF2F361F388C6A0069667E /* Release */ = {
			isa = XCBuildConfiguration;
			buildSettings = {
				ALWAYS_SEARCH_USER_PATHS = NO;
				CLANG_ANALYZER_NONNULL = YES;
				CLANG_ANALYZER_NUMBER_OBJECT_CONVERSION = YES_AGGRESSIVE;
				CLANG_CXX_LANGUAGE_STANDARD = "gnu++0x";
				CLANG_CXX_LIBRARY = "libc++";
				CLANG_ENABLE_MODULES = YES;
				CLANG_ENABLE_OBJC_ARC = YES;
				CLANG_WARN_BOOL_CONVERSION = YES;
				CLANG_WARN_CONSTANT_CONVERSION = YES;
				CLANG_WARN_DIRECT_OBJC_ISA_USAGE = YES_ERROR;
				CLANG_WARN_DOCUMENTATION_COMMENTS = YES;
				CLANG_WARN_EMPTY_BODY = YES;
				CLANG_WARN_ENUM_CONVERSION = YES;
				CLANG_WARN_INFINITE_RECURSION = YES;
				CLANG_WARN_INT_CONVERSION = YES;
				CLANG_WARN_OBJC_ROOT_CLASS = YES_ERROR;
				CLANG_WARN_SUSPICIOUS_MOVE = YES;
				CLANG_WARN_UNREACHABLE_CODE = YES;
				CLANG_WARN__DUPLICATE_METHOD_MATCH = YES;
				"CODE_SIGN_IDENTITY[sdk=iphoneos*]" = "iPhone Developer";
				COPY_PHASE_STRIP = NO;
				DEBUG_INFORMATION_FORMAT = "dwarf-with-dsym";
				ENABLE_NS_ASSERTIONS = NO;
				ENABLE_STRICT_OBJC_MSGSEND = YES;
				GCC_C_LANGUAGE_STANDARD = gnu99;
				GCC_NO_COMMON_BLOCKS = YES;
				GCC_WARN_64_TO_32_BIT_CONVERSION = YES;
				GCC_WARN_ABOUT_RETURN_TYPE = YES_ERROR;
				GCC_WARN_UNDECLARED_SELECTOR = YES;
				GCC_WARN_UNINITIALIZED_AUTOS = YES_AGGRESSIVE;
				GCC_WARN_UNUSED_FUNCTION = YES;
				GCC_WARN_UNUSED_VARIABLE = YES;
				IPHONEOS_DEPLOYMENT_TARGET = 10.3;
				MTL_ENABLE_DEBUG_INFO = NO;
				SDKROOT = iphoneos;
				SWIFT_OPTIMIZATION_LEVEL = "-Owholemodule";
				VALIDATE_PRODUCT = YES;
			};
			name = Release;
		};
		C9CF2F381F388C6A0069667E /* Debug */ = {
			isa = XCBuildConfiguration;
			buildSettings = {
				ASSETCATALOG_COMPILER_APPICON_NAME = AppIcon;
				"CODE_SIGN_IDENTITY[sdk=iphoneos*]" = "iPhone Developer";
				DEVELOPMENT_TEAM = YS65CTH2V7;
				INFOPLIST_FILE = DEMO/Info.plist;
				LD_RUNPATH_SEARCH_PATHS = "$(inherited) @executable_path/Frameworks";
				PRODUCT_BUNDLE_IDENTIFIER = net.grapebread.DEMO;
				PRODUCT_NAME = "$(TARGET_NAME)";
				PROVISIONING_PROFILE_SPECIFIER = "";
				SWIFT_VERSION = 3.0;
			};
			name = Debug;
		};
		C9CF2F391F388C6A0069667E /* Release */ = {
			isa = XCBuildConfiguration;
			buildSettings = {
				ASSETCATALOG_COMPILER_APPICON_NAME = AppIcon;
				"CODE_SIGN_IDENTITY[sdk=iphoneos*]" = "iPhone Developer";
				DEVELOPMENT_TEAM = YS65CTH2V7;
				INFOPLIST_FILE = DEMO/Info.plist;
				LD_RUNPATH_SEARCH_PATHS = "$(inherited) @executable_path/Frameworks";
				PRODUCT_BUNDLE_IDENTIFIER = net.grapebread.DEMO;
				PRODUCT_NAME = "$(TARGET_NAME)";
				PROVISIONING_PROFILE_SPECIFIER = "";
				SWIFT_VERSION = 3.0;
			};
			name = Release;
		};
/* End XCBuildConfiguration section */

/* Begin XCConfigurationList section */
		C9CF2F201F388C6A0069667E /* Build configuration list for PBXProject "DEMO" */ = {
			isa = XCConfigurationList;
			buildConfigurations = (
				C9CF2F351F388C6A0069667E /* Debug */,
				C9CF2F361F388C6A0069667E /* Release */,
			);
			defaultConfigurationIsVisible = 0;
			defaultConfigurationName = Release;
		};
		C9CF2F371F388C6A0069667E /* Build configuration list for PBXNativeTarget "DEMO" */ = {
			isa = XCConfigurationList;
			buildConfigurations = (
				C9CF2F381F388C6A0069667E /* Debug */,
				C9CF2F391F388C6A0069667E /* Release */,
			);
			defaultConfigurationIsVisible = 0;
			defaultConfigurationName = Release;
		};
/* End XCConfigurationList section */
	};
	rootObject = C9CF2F1D1F388C6A0069667E /* Project object */;
}
